
Microsoft Visual Studio Solution File, Format Version 12.00
# Visual Studio Version 17
VisualStudioVersion = 17.12.35707.178 d17.12
MinimumVisualStudioVersion = 10.0.40219.1
<<<<<<<< HEAD:Chapter 3/Students/sahla/Activity/abstract4/abstract4.sln
Project("{FAE04EC0-301F-11D3-BF4B-00C04F79EFBC}") = "abstract4", "abstract4\abstract4.csproj", "{D9E4105E-DA5C-4A8A-AAD4-1D61CFFFAAF6}"
========
Project("{FAE04EC0-301F-11D3-BF4B-00C04F79EFBC}") = "secure", "secure\secure.csproj", "{347B23D3-D239-45CC-9D6B-CF877D30A5E8}"
>>>>>>>> f0606ae52fbab4fd2fdb33f7acdb491d511c39c2:Chapter 4/Students/sahana/Actiivity/secure/secure.sln
EndProject
Global
	GlobalSection(SolutionConfigurationPlatforms) = preSolution
		Debug|Any CPU = Debug|Any CPU
		Release|Any CPU = Release|Any CPU
	EndGlobalSection
	GlobalSection(ProjectConfigurationPlatforms) = postSolution
<<<<<<<< HEAD:Chapter 3/Students/sahla/Activity/abstract4/abstract4.sln
		{D9E4105E-DA5C-4A8A-AAD4-1D61CFFFAAF6}.Debug|Any CPU.ActiveCfg = Debug|Any CPU
		{D9E4105E-DA5C-4A8A-AAD4-1D61CFFFAAF6}.Debug|Any CPU.Build.0 = Debug|Any CPU
		{D9E4105E-DA5C-4A8A-AAD4-1D61CFFFAAF6}.Release|Any CPU.ActiveCfg = Release|Any CPU
		{D9E4105E-DA5C-4A8A-AAD4-1D61CFFFAAF6}.Release|Any CPU.Build.0 = Release|Any CPU
========
		{347B23D3-D239-45CC-9D6B-CF877D30A5E8}.Debug|Any CPU.ActiveCfg = Debug|Any CPU
		{347B23D3-D239-45CC-9D6B-CF877D30A5E8}.Debug|Any CPU.Build.0 = Debug|Any CPU
		{347B23D3-D239-45CC-9D6B-CF877D30A5E8}.Release|Any CPU.ActiveCfg = Release|Any CPU
		{347B23D3-D239-45CC-9D6B-CF877D30A5E8}.Release|Any CPU.Build.0 = Release|Any CPU
>>>>>>>> f0606ae52fbab4fd2fdb33f7acdb491d511c39c2:Chapter 4/Students/sahana/Actiivity/secure/secure.sln
	EndGlobalSection
	GlobalSection(SolutionProperties) = preSolution
		HideSolutionNode = FALSE
	EndGlobalSection
EndGlobal
