
Microsoft Visual Studio Solution File, Format Version 12.00
# Visual Studio Version 17
VisualStudioVersion = 17.12.35707.178 d17.12
MinimumVisualStudioVersion = 10.0.40219.1
<<<<<<<< HEAD:Chapter 3/Students/sahla/Activity/abstract1/abstract1.sln
Project("{FAE04EC0-301F-11D3-BF4B-00C04F79EFBC}") = "abstract1", "abstract1\abstract1.csproj", "{6B21D0E7-E66D-448C-A52A-2CE88192AF97}"
========
Project("{FAE04EC0-301F-11D3-BF4B-00C04F79EFBC}") = "post job", "post job\post job.csproj", "{5FC5AA9D-1FD2-4B8B-A766-8E1E77DCB3C1}"
>>>>>>>> f0606ae52fbab4fd2fdb33f7acdb491d511c39c2:Chapter 2/Csharp/students/akhil/Workshop/post job/post job.sln
EndProject
Global
	GlobalSection(SolutionConfigurationPlatforms) = preSolution
		Debug|Any CPU = Debug|Any CPU
		Release|Any CPU = Release|Any CPU
	EndGlobalSection
	GlobalSection(ProjectConfigurationPlatforms) = postSolution
<<<<<<<< HEAD:Chapter 3/Students/sahla/Activity/abstract1/abstract1.sln
		{6B21D0E7-E66D-448C-A52A-2CE88192AF97}.Debug|Any CPU.ActiveCfg = Debug|Any CPU
		{6B21D0E7-E66D-448C-A52A-2CE88192AF97}.Debug|Any CPU.Build.0 = Debug|Any CPU
		{6B21D0E7-E66D-448C-A52A-2CE88192AF97}.Release|Any CPU.ActiveCfg = Release|Any CPU
		{6B21D0E7-E66D-448C-A52A-2CE88192AF97}.Release|Any CPU.Build.0 = Release|Any CPU
========
		{5FC5AA9D-1FD2-4B8B-A766-8E1E77DCB3C1}.Debug|Any CPU.ActiveCfg = Debug|Any CPU
		{5FC5AA9D-1FD2-4B8B-A766-8E1E77DCB3C1}.Debug|Any CPU.Build.0 = Debug|Any CPU
		{5FC5AA9D-1FD2-4B8B-A766-8E1E77DCB3C1}.Release|Any CPU.ActiveCfg = Release|Any CPU
		{5FC5AA9D-1FD2-4B8B-A766-8E1E77DCB3C1}.Release|Any CPU.Build.0 = Release|Any CPU
>>>>>>>> f0606ae52fbab4fd2fdb33f7acdb491d511c39c2:Chapter 2/Csharp/students/akhil/Workshop/post job/post job.sln
	EndGlobalSection
	GlobalSection(SolutionProperties) = preSolution
		HideSolutionNode = FALSE
	EndGlobalSection
EndGlobal
